
Microsoft Visual Studio Solution File, Format Version 12.00
# Visual Studio Version 16
VisualStudioVersion = 16.0.28803.156
MinimumVisualStudioVersion = 10.0.40219.1
Project("{8BC9CEB8-8B4A-11D0-8D11-00A0C91BC942}") = "Project1", "Project1\Project1.vcxproj", "{2CE3768A-DDB5-48D9-A6E0-E9237C47C99D}"
EndProject
Global
	GlobalSection(SolutionConfigurationPlatforms) = preSolution
		Debug|x64 = Debug|x64
		Debug|x86 = Debug|x86
		Release|x64 = Release|x64
		Release|x86 = Release|x86
	EndGlobalSection
	GlobalSection(ProjectConfigurationPlatforms) = postSolution
		{2CE3768A-DDB5-48D9-A6E0-E9237C47C99D}.Debug|x64.ActiveCfg = Debug|x64
		{2CE3768A-DDB5-48D9-A6E0-E9237C47C99D}.Debug|x64.Build.0 = Debug|x64
		{2CE3768A-DDB5-48D9-A6E0-E9237C47C99D}.Debug|x86.ActiveCfg = Debug|Win32
		{2CE3768A-DDB5-48D9-A6E0-E9237C47C99D}.Debug|x86.Build.0 = Debug|Win32
		{2CE3768A-DDB5-48D9-A6E0-E9237C47C99D}.Release|x64.ActiveCfg = Release|x64
		{2CE3768A-DDB5-48D9-A6E0-E9237C47C99D}.Release|x64.Build.0 = Release|x64
		{2CE3768A-DDB5-48D9-A6E0-E9237C47C99D}.Release|x86.ActiveCfg = Release|Win32
		{2CE3768A-DDB5-48D9-A6E0-E9237C47C99D}.Release|x86.Build.0 = Release|Win32
	EndGlobalSection
	GlobalSection(SolutionProperties) = preSolution
		HideSolutionNode = FALSE
	EndGlobalSection
	GlobalSection(ExtensibilityGlobals) = postSolution
		SolutionGuid = {78C818CA-B5AF-418C-9FF3-498357017959}
	EndGlobalSection
EndGlobal
